
Microsoft Visual Studio Solution File, Format Version 12.00
# Visual Studio Version 16
VisualStudioVersion = 16.0.34114.132
MinimumVisualStudioVersion = 10.0.40219.1
Project("{FAE04EC0-301F-11D3-BF4B-00C04F79EFBC}") = "KidKinder", "KidKinder\KidKinder.csproj", "{200ADBDC-3442-4E95-9B37-B53B6EA8C346}"
EndProject
Global
	GlobalSection(SolutionConfigurationPlatforms) = preSolution
		Debug|Any CPU = Debug|Any CPU
		Release|Any CPU = Release|Any CPU
	EndGlobalSection
	GlobalSection(ProjectConfigurationPlatforms) = postSolution
		{200ADBDC-3442-4E95-9B37-B53B6EA8C346}.Debug|Any CPU.ActiveCfg = Debug|Any CPU
		{200ADBDC-3442-4E95-9B37-B53B6EA8C346}.Debug|Any CPU.Build.0 = Debug|Any CPU
		{200ADBDC-3442-4E95-9B37-B53B6EA8C346}.Release|Any CPU.ActiveCfg = Release|Any CPU
		{200ADBDC-3442-4E95-9B37-B53B6EA8C346}.Release|Any CPU.Build.0 = Release|Any CPU
	EndGlobalSection
	GlobalSection(SolutionProperties) = preSolution
		HideSolutionNode = FALSE
	EndGlobalSection
	GlobalSection(ExtensibilityGlobals) = postSolution
		SolutionGuid = {CC50FC32-F082-4FAC-8098-DE95B153AE42}
	EndGlobalSection
EndGlobal
